{
  "name": "true-source",
  "lockfileVersion": 3,
  "requires": true,
  "packages": {
    "": {
      "dependencies": {
        "preact-markdown": "^2.1.0"
      }
    },
    "node_modules/marked": {
      "version": "4.3.0",
      "resolved": "https://registry.npmjs.org/marked/-/marked-4.3.0.tgz",
      "integrity": "sha512-PRsaiG84bK+AMvxziE/lCFss8juXjNaWzVbN5tXAm4XjeaS9NAHhop+PjQxz2A9h8Q4M/xGmzP8vqNwy6JeK0A==",
      "bin": {
        "marked": "bin/marked.js"
      },
      "engines": {
        "node": ">= 12"
      }
    },
    "node_modules/preact": {
      "version": "10.19.5",
      "resolved": "https://registry.npmjs.org/preact/-/preact-10.19.5.tgz",
      "integrity": "sha512-OPELkDmSVbKjbFqF9tgvOowiiQ9TmsJljIzXRyNE8nGiis94pwv1siF78rQkAP1Q1738Ce6pellRg/Ns/CtHqQ==",
      "peer": true,
      "funding": {
        "type": "opencollective",
        "url": "https://opencollective.com/preact"
      }
    },
    "node_modules/preact-markdown": {
      "version": "2.1.0",
      "resolved": "https://registry.npmjs.org/preact-markdown/-/preact-markdown-2.1.0.tgz",
      "integrity": "sha512-6c2hfarjLFkVDNa1hUKytXID6wl6yilZnGb2y83xKXnfk5SpXYAwhJc+JENgffAcNALWggqvX/ezlk8/8qJsuA==",
      "dependencies": {
        "marked": "^4.0.10",
        "preact-markup": "^2.1.1"
      }
    },
    "node_modules/preact-markup": {
      "version": "2.1.1",
      "resolved": "https://registry.npmjs.org/preact-markup/-/preact-markup-2.1.1.tgz",
      "integrity": "sha512-8JL2p36mzK8XkspOyhBxUSPjYwMxDM0L5BWBZWxsZMVW8WsGQrYQDgVuDKkRspt2hwrle+Cxr/053hpc9BJwfw==",
      "peerDependencies": {
        "preact": ">=10"
      }
    }
  }
}
